// !$*UTF8*$!
{
	archiveVersion = 1;
	classes = {
	};
	objectVersion = 60;
	objects = {

/* Begin PBXBuildFile section */
		D814EA012B7EB620008BF46C /* Sort.swift in Sources */ = {isa = PBXBuildFile; fileRef = D814EA002B7EB620008BF46C /* Sort.swift */; };
		D825FFF02DA61C910050A0FD /* HelpCommands.swift in Sources */ = {isa = PBXBuildFile; fileRef = D825FFEF2DA61C8F0050A0FD /* HelpCommands.swift */; };
		D82B957C2B23112C00C8B6FB /* GridView.swift in Sources */ = {isa = PBXBuildFile; fileRef = D82B957B2B23112C00C8B6FB /* GridView.swift */; };
		D82B957F2B231A7900C8B6FB /* SQLite in Frameworks */ = {isa = PBXBuildFile; productRef = D82B957E2B231A7900C8B6FB /* SQLite */; };
		D82B95812B231AD000C8B6FB /* Store.swift in Sources */ = {isa = PBXBuildFile; fileRef = D82B95802B231AD000C8B6FB /* Store.swift */; };
		D82B95842B23DC2B00C8B6FB /* FSEventsWrapper in Frameworks */ = {isa = PBXBuildFile; productRef = D82B95832B23DC2B00C8B6FB /* FSEventsWrapper */; };
		D83312E32B76FE4E00B994B3 /* Filter.swift in Sources */ = {isa = PBXBuildFile; fileRef = D83312E22B76FE4E00B994B3 /* Filter.swift */; };
		D83312E92B77132B00B994B3 /* Details.swift in Sources */ = {isa = PBXBuildFile; fileRef = D83312E82B77132B00B994B3 /* Details.swift */; };
		D83E624D2BADF8960039EC83 /* NavigationDirection.swift in Sources */ = {isa = PBXBuildFile; fileRef = D83E624C2BADF8960039EC83 /* NavigationDirection.swift */; };
		D83EA9A72DA867A7008DE7AE /* ExtractorTests.swift in Sources */ = {isa = PBXBuildFile; fileRef = D83EA9A62DA867A4008DE7AE /* ExtractorTests.swift */; };
		D83EA9A92DA871A4008DE7AE /* Extractor.swift in Sources */ = {isa = PBXBuildFile; fileRef = D83EA9A82DA871A2008DE7AE /* Extractor.swift */; };
		D83EA9AC2DA8925B008DE7AE /* TagsView.swift in Sources */ = {isa = PBXBuildFile; fileRef = D83EA9AB2DA89257008DE7AE /* TagsView.swift */; };
		D8472A642B2517A50070DB64 /* ShortcutItemView.swift in Sources */ = {isa = PBXBuildFile; fileRef = D8472A632B2517A50070DB64 /* ShortcutItemView.swift */; };
		D8472A662B2517DE0070DB64 /* StoreFilesView.swift in Sources */ = {isa = PBXBuildFile; fileRef = D8472A652B2517DE0070DB64 /* StoreFilesView.swift */; };
		D8472A682B2518320070DB64 /* FixedItemSizeCollectionViewLayout.swift in Sources */ = {isa = PBXBuildFile; fileRef = D8472A672B2518320070DB64 /* FixedItemSizeCollectionViewLayout.swift */; };
		D8472A6A2B2518600070DB64 /* NSWorkspace.swift in Sources */ = {isa = PBXBuildFile; fileRef = D8472A692B2518600070DB64 /* NSWorkspace.swift */; };
		D8472A6C2B2518900070DB64 /* NSCollectionViewDiffableDataSource.swift in Sources */ = {isa = PBXBuildFile; fileRef = D8472A6B2B2518900070DB64 /* NSCollectionViewDiffableDataSource.swift */; };
		D8472A6E2B2518D00070DB64 /* InteractiveCollectionView.swift in Sources */ = {isa = PBXBuildFile; fileRef = D8472A6D2B2518D00070DB64 /* InteractiveCollectionView.swift */; };
		D85AC0D72BAE2005003CAE8F /* NSCollectionView.swift in Sources */ = {isa = PBXBuildFile; fileRef = D85AC0D62BAE2005003CAE8F /* NSCollectionView.swift */; };
		D85AC0D92BAE217F003CAE8F /* CollectionViewNavigationResult.swift in Sources */ = {isa = PBXBuildFile; fileRef = D85AC0D82BAE217F003CAE8F /* CollectionViewNavigationResult.swift */; };
		D85C07B12B7EBC3A00C8BAA6 /* FolderView.swift in Sources */ = {isa = PBXBuildFile; fileRef = D85C07B02B7EBC3A00C8BAA6 /* FolderView.swift */; };
		D85D9F522C9A868F00178F10 /* Expression.swift in Sources */ = {isa = PBXBuildFile; fileRef = D85D9F512C9A868D00178F10 /* Expression.swift */; };
		D870EC9E2B7EC47B00704688 /* SelectionModel.swift in Sources */ = {isa = PBXBuildFile; fileRef = D870EC9D2B7EC47B00704688 /* SelectionModel.swift */; };
		D870ECA12B7ED5D700704688 /* Algorithms in Frameworks */ = {isa = PBXBuildFile; productRef = D870ECA02B7ED5D700704688 /* Algorithms */; };
		D870ECA42B7EDD8A00704688 /* Diligence in Frameworks */ = {isa = PBXBuildFile; productRef = D870ECA32B7EDD8A00704688 /* Diligence */; };
		D870ECA72B7EDDD100704688 /* folders-license in Resources */ = {isa = PBXBuildFile; fileRef = D870ECA62B7EDDD100704688 /* folders-license */; };
		D870ECAA2B7EDE0700704688 /* Interact in Frameworks */ = {isa = PBXBuildFile; productRef = D870ECA92B7EDE0700704688 /* Interact */; };
		D87653B42AC9F01600E8B65D /* FoldersApp.swift in Sources */ = {isa = PBXBuildFile; fileRef = D87653B32AC9F01600E8B65D /* FoldersApp.swift */; };
		D87653B82AC9F01800E8B65D /* Assets.xcassets in Resources */ = {isa = PBXBuildFile; fileRef = D87653B72AC9F01800E8B65D /* Assets.xcassets */; };
		D87653BB2AC9F01800E8B65D /* Preview Assets.xcassets in Resources */ = {isa = PBXBuildFile; fileRef = D87653BA2AC9F01800E8B65D /* Preview Assets.xcassets */; };
		D87653C62AC9F01900E8B65D /* FoldersTests.swift in Sources */ = {isa = PBXBuildFile; fileRef = D87653C52AC9F01900E8B65D /* FoldersTests.swift */; };
		D87653D02AC9F01900E8B65D /* FoldersUITests.swift in Sources */ = {isa = PBXBuildFile; fileRef = D87653CF2AC9F01900E8B65D /* FoldersUITests.swift */; };
		D87653D22AC9F01900E8B65D /* FoldersUITestsLaunchTests.swift in Sources */ = {isa = PBXBuildFile; fileRef = D87653D12AC9F01900E8B65D /* FoldersUITestsLaunchTests.swift */; };
		D87653E22AC9F39100E8B65D /* URL.swift in Sources */ = {isa = PBXBuildFile; fileRef = D87653E12AC9F39100E8B65D /* URL.swift */; };
		D879E3452AD27C7B00A021E0 /* SidebarItem.swift in Sources */ = {isa = PBXBuildFile; fileRef = D879E3442AD27C7B00A021E0 /* SidebarItem.swift */; };
		D88CD7672DA5AC1B00287F6A /* Sparkle in Frameworks */ = {isa = PBXBuildFile; productRef = D88CD7662DA5AC1B00287F6A /* Sparkle */; };
		D88CD7692DA5AC7A00287F6A /* sparkle-license in Resources */ = {isa = PBXBuildFile; fileRef = D88CD7682DA5AC7700287F6A /* sparkle-license */; };
		D88F05912DA5F229009EAB64 /* CheckForUpdatesViewModel.swift in Sources */ = {isa = PBXBuildFile; fileRef = D88F05902DA5F225009EAB64 /* CheckForUpdatesViewModel.swift */; };
		D88F05942DA5F2CC009EAB64 /* CheckForUpdatesView.swift in Sources */ = {isa = PBXBuildFile; fileRef = D88F05932DA5F2C8009EAB64 /* CheckForUpdatesView.swift */; };
		D89622D92ACD1ECD006F7D2E /* OrderedCollections in Frameworks */ = {isa = PBXBuildFile; productRef = D89622D82ACD1ECD006F7D2E /* OrderedCollections */; };
		D89622DB2ACD394A006F7D2E /* ApplicationModel.swift in Sources */ = {isa = PBXBuildFile; fileRef = D89622DA2ACD394A006F7D2E /* ApplicationModel.swift */; };
		D89622DE2ACD3B82006F7D2E /* Settings.swift in Sources */ = {isa = PBXBuildFile; fileRef = D89622DD2ACD3B82006F7D2E /* Settings.swift */; };
		D89622E02ACD3B9A006F7D2E /* FoldersError.swift in Sources */ = {isa = PBXBuildFile; fileRef = D89622DF2ACD3B9A006F7D2E /* FoldersError.swift */; };
		D89622E22ACD4200006F7D2E /* Sidebar.swift in Sources */ = {isa = PBXBuildFile; fileRef = D89622E12ACD4200006F7D2E /* Sidebar.swift */; };
		D89622E42ACD4266006F7D2E /* LibraryView.swift in Sources */ = {isa = PBXBuildFile; fileRef = D89622E32ACD4266006F7D2E /* LibraryView.swift */; };
		D89622E62ACD42F2006F7D2E /* SceneModel.swift in Sources */ = {isa = PBXBuildFile; fileRef = D89622E52ACD42F2006F7D2E /* SceneModel.swift */; };
		D8A82E3B2BADF35400DD32DA /* SequenceDirection.swift in Sources */ = {isa = PBXBuildFile; fileRef = D8A82E3A2BADF35400DD32DA /* SequenceDirection.swift */; };
		D8A82E3D2BADF38000DD32DA /* IndexPathSequence.swift in Sources */ = {isa = PBXBuildFile; fileRef = D8A82E3C2BADF38000DD32DA /* IndexPathSequence.swift */; };
		D8D499C32B897B8E00946CE9 /* swift-numerics-license in Resources */ = {isa = PBXBuildFile; fileRef = D8D499C22B897B8E00946CE9 /* swift-numerics-license */; };
		D8D499C52B897C9200946CE9 /* swift-collections-license in Resources */ = {isa = PBXBuildFile; fileRef = D8D499C42B897C9200946CE9 /* swift-collections-license */; };
		D8D499C72B897D7E00946CE9 /* swift-algorithms-license in Resources */ = {isa = PBXBuildFile; fileRef = D8D499C62B897D7E00946CE9 /* swift-algorithms-license */; };
		D8D499C92B897E9E00946CE9 /* sqlite-swift-license in Resources */ = {isa = PBXBuildFile; fileRef = D8D499C82B897E9E00946CE9 /* sqlite-swift-license */; };
		D8D499CB2B897F4200946CE9 /* fs-events-wrapper-license in Resources */ = {isa = PBXBuildFile; fileRef = D8D499CA2B897F4200946CE9 /* fs-events-wrapper-license */; };
		D8D6B6C02DAEFC020002A6FC /* FolderLinks.swift in Sources */ = {isa = PBXBuildFile; fileRef = D8D6B6BF2DAEFC010002A6FC /* FolderLinks.swift */; };
		D8D6B6C22DAEFC330002A6FC /* SelectionToolbar.swift in Sources */ = {isa = PBXBuildFile; fileRef = D8D6B6C12DAEFC310002A6FC /* SelectionToolbar.swift */; };
		D8D6B6C62DAEFCD10002A6FC /* SceneToolbar.swift in Sources */ = {isa = PBXBuildFile; fileRef = D8D6B6C52DAEFCCE0002A6FC /* SceneToolbar.swift */; };
		D8DDBCC42B2A0F8E003EAF4E /* PreviewItem.swift in Sources */ = {isa = PBXBuildFile; fileRef = D8DDBCC32B2A0F8E003EAF4E /* PreviewItem.swift */; };
		D8DDBCC62B2A1317003EAF4E /* FileManager.swift in Sources */ = {isa = PBXBuildFile; fileRef = D8DDBCC52B2A1317003EAF4E /* FileManager.swift */; };
		D8DDBCC82B2A1582003EAF4E /* DirectoryScanner.swift in Sources */ = {isa = PBXBuildFile; fileRef = D8DDBCC72B2A1582003EAF4E /* DirectoryScanner.swift */; };
		D8F349B52B8150690037D66A /* UTType.swift in Sources */ = {isa = PBXBuildFile; fileRef = D8F349B42B8150690037D66A /* UTType.swift */; };
		D8F6A6092B8D3D7E0003B1A6 /* Yams in Frameworks */ = {isa = PBXBuildFile; productRef = D8F6A6082B8D3D7E0003B1A6 /* Yams */; };
		D8F6A60B2B8D41F90003B1A6 /* yams-license in Resources */ = {isa = PBXBuildFile; fileRef = D8F6A60A2B8D41F90003B1A6 /* yams-license */; };
		D8F6A60D2B8D46720003B1A6 /* FolderSettings.swift in Sources */ = {isa = PBXBuildFile; fileRef = D8F6A60C2B8D46720003B1A6 /* FolderSettings.swift */; };
		D8F6A60F2B8D52200003B1A6 /* Date.swift in Sources */ = {isa = PBXBuildFile; fileRef = D8F6A60E2B8D52200003B1A6 /* Date.swift */; };
		D8F6A6112B8D64BA0003B1A6 /* StorePublisher.swift in Sources */ = {isa = PBXBuildFile; fileRef = D8F6A6102B8D64BA0003B1A6 /* StorePublisher.swift */; };
		D8F6A6132B8D7CC00003B1A6 /* StoreOperation.swift in Sources */ = {isa = PBXBuildFile; fileRef = D8F6A6122B8D7CC00003B1A6 /* StoreOperation.swift */; };
		D8F6A6152B8D84840003B1A6 /* StoreUpdater.swift in Sources */ = {isa = PBXBuildFile; fileRef = D8F6A6142B8D84840003B1A6 /* StoreUpdater.swift */; };
		D8FE1FDE2B8E7D7A006FE439 /* DirectoryScannerTests.swift in Sources */ = {isa = PBXBuildFile; fileRef = D8FE1FDD2B8E7D7A006FE439 /* DirectoryScannerTests.swift */; };
		D8FE1FE12B8E7D98006FE439 /* XCTestCase.swift in Sources */ = {isa = PBXBuildFile; fileRef = D8FE1FE02B8E7D98006FE439 /* XCTestCase.swift */; };
		D8FE1FE32B8EAE2D006FE439 /* FileManager.swift in Sources */ = {isa = PBXBuildFile; fileRef = D8FE1FE22B8EAE2D006FE439 /* FileManager.swift */; };
/* End PBXBuildFile section */

/* Begin PBXContainerItemProxy section */
		D87653C22AC9F01900E8B65D /* PBXContainerItemProxy */ = {
			isa = PBXContainerItemProxy;
			containerPortal = D87653A82AC9F01600E8B65D /* Project object */;
			proxyType = 1;
			remoteGlobalIDString = D87653AF2AC9F01600E8B65D;
			remoteInfo = Folders;
		};
		D87653CC2AC9F01900E8B65D /* PBXContainerItemProxy */ = {
			isa = PBXContainerItemProxy;
			containerPortal = D87653A82AC9F01600E8B65D /* Project object */;
			proxyType = 1;
			remoteGlobalIDString = D87653AF2AC9F01600E8B65D;
			remoteInfo = Folders;
		};
/* End PBXContainerItemProxy section */

/* Begin PBXFileReference section */
		D814EA002B7EB620008BF46C /* Sort.swift */ = {isa = PBXFileReference; lastKnownFileType = sourcecode.swift; path = Sort.swift; sourceTree = "<group>"; };
		D825FFEF2DA61C8F0050A0FD /* HelpCommands.swift */ = {isa = PBXFileReference; lastKnownFileType = sourcecode.swift; path = HelpCommands.swift; sourceTree = "<group>"; };
		D82B957B2B23112C00C8B6FB /* GridView.swift */ = {isa = PBXFileReference; lastKnownFileType = sourcecode.swift; path = GridView.swift; sourceTree = "<group>"; };
		D82B95802B231AD000C8B6FB /* Store.swift */ = {isa = PBXFileReference; lastKnownFileType = sourcecode.swift; path = Store.swift; sourceTree = "<group>"; };
		D83312E22B76FE4E00B994B3 /* Filter.swift */ = {isa = PBXFileReference; lastKnownFileType = sourcecode.swift; path = Filter.swift; sourceTree = "<group>"; };
		D83312E82B77132B00B994B3 /* Details.swift */ = {isa = PBXFileReference; lastKnownFileType = sourcecode.swift; path = Details.swift; sourceTree = "<group>"; };
		D83E624C2BADF8960039EC83 /* NavigationDirection.swift */ = {isa = PBXFileReference; lastKnownFileType = sourcecode.swift; path = NavigationDirection.swift; sourceTree = "<group>"; };
		D83EA9A62DA867A4008DE7AE /* ExtractorTests.swift */ = {isa = PBXFileReference; lastKnownFileType = sourcecode.swift; path = ExtractorTests.swift; sourceTree = "<group>"; };
		D83EA9A82DA871A2008DE7AE /* Extractor.swift */ = {isa = PBXFileReference; lastKnownFileType = sourcecode.swift; path = Extractor.swift; sourceTree = "<group>"; };
		D83EA9AB2DA89257008DE7AE /* TagsView.swift */ = {isa = PBXFileReference; lastKnownFileType = sourcecode.swift; path = TagsView.swift; sourceTree = "<group>"; };
		D8472A632B2517A50070DB64 /* ShortcutItemView.swift */ = {isa = PBXFileReference; lastKnownFileType = sourcecode.swift; path = ShortcutItemView.swift; sourceTree = "<group>"; };
		D8472A652B2517DE0070DB64 /* StoreFilesView.swift */ = {isa = PBXFileReference; lastKnownFileType = sourcecode.swift; path = StoreFilesView.swift; sourceTree = "<group>"; };
		D8472A672B2518320070DB64 /* FixedItemSizeCollectionViewLayout.swift */ = {isa = PBXFileReference; lastKnownFileType = sourcecode.swift; path = FixedItemSizeCollectionViewLayout.swift; sourceTree = "<group>"; };
		D8472A692B2518600070DB64 /* NSWorkspace.swift */ = {isa = PBXFileReference; lastKnownFileType = sourcecode.swift; path = NSWorkspace.swift; sourceTree = "<group>"; };
		D8472A6B2B2518900070DB64 /* NSCollectionViewDiffableDataSource.swift */ = {isa = PBXFileReference; lastKnownFileType = sourcecode.swift; path = NSCollectionViewDiffableDataSource.swift; sourceTree = "<group>"; };
		D8472A6D2B2518D00070DB64 /* InteractiveCollectionView.swift */ = {isa = PBXFileReference; lastKnownFileType = sourcecode.swift; path = InteractiveCollectionView.swift; sourceTree = "<group>"; };
		D85AC0D62BAE2005003CAE8F /* NSCollectionView.swift */ = {isa = PBXFileReference; lastKnownFileType = sourcecode.swift; path = NSCollectionView.swift; sourceTree = "<group>"; };
		D85AC0D82BAE217F003CAE8F /* CollectionViewNavigationResult.swift */ = {isa = PBXFileReference; lastKnownFileType = sourcecode.swift; path = CollectionViewNavigationResult.swift; sourceTree = "<group>"; };
		D85C07B02B7EBC3A00C8BAA6 /* FolderView.swift */ = {isa = PBXFileReference; lastKnownFileType = sourcecode.swift; path = FolderView.swift; sourceTree = "<group>"; };
		D85D9F512C9A868D00178F10 /* Expression.swift */ = {isa = PBXFileReference; lastKnownFileType = sourcecode.swift; path = Expression.swift; sourceTree = "<group>"; };
		D861A32F2B8EC22900A79214 /* Folders.xctestplan */ = {isa = PBXFileReference; lastKnownFileType = text; path = Folders.xctestplan; sourceTree = "<group>"; };
		D870EC9D2B7EC47B00704688 /* SelectionModel.swift */ = {isa = PBXFileReference; lastKnownFileType = sourcecode.swift; path = SelectionModel.swift; sourceTree = "<group>"; };
		D870ECA62B7EDDD100704688 /* folders-license */ = {isa = PBXFileReference; lastKnownFileType = text; path = "folders-license"; sourceTree = "<group>"; };
		D87653B02AC9F01600E8B65D /* Folders.app */ = {isa = PBXFileReference; explicitFileType = wrapper.application; includeInIndex = 0; path = Folders.app; sourceTree = BUILT_PRODUCTS_DIR; };
		D87653B32AC9F01600E8B65D /* FoldersApp.swift */ = {isa = PBXFileReference; lastKnownFileType = sourcecode.swift; path = FoldersApp.swift; sourceTree = "<group>"; };
		D87653B72AC9F01800E8B65D /* Assets.xcassets */ = {isa = PBXFileReference; lastKnownFileType = folder.assetcatalog; path = Assets.xcassets; sourceTree = "<group>"; };
		D87653BA2AC9F01800E8B65D /* Preview Assets.xcassets */ = {isa = PBXFileReference; lastKnownFileType = folder.assetcatalog; path = "Preview Assets.xcassets"; sourceTree = "<group>"; };
		D87653BC2AC9F01800E8B65D /* Folders.entitlements */ = {isa = PBXFileReference; lastKnownFileType = text.plist.entitlements; path = Folders.entitlements; sourceTree = "<group>"; };
		D87653C12AC9F01900E8B65D /* FoldersTests.xctest */ = {isa = PBXFileReference; explicitFileType = wrapper.cfbundle; includeInIndex = 0; path = FoldersTests.xctest; sourceTree = BUILT_PRODUCTS_DIR; };
		D87653C52AC9F01900E8B65D /* FoldersTests.swift */ = {isa = PBXFileReference; lastKnownFileType = sourcecode.swift; path = FoldersTests.swift; sourceTree = "<group>"; };
		D87653CB2AC9F01900E8B65D /* FoldersUITests.xctest */ = {isa = PBXFileReference; explicitFileType = wrapper.cfbundle; includeInIndex = 0; path = FoldersUITests.xctest; sourceTree = BUILT_PRODUCTS_DIR; };
		D87653CF2AC9F01900E8B65D /* FoldersUITests.swift */ = {isa = PBXFileReference; lastKnownFileType = sourcecode.swift; path = FoldersUITests.swift; sourceTree = "<group>"; };
		D87653D12AC9F01900E8B65D /* FoldersUITestsLaunchTests.swift */ = {isa = PBXFileReference; lastKnownFileType = sourcecode.swift; path = FoldersUITestsLaunchTests.swift; sourceTree = "<group>"; };
		D87653E12AC9F39100E8B65D /* URL.swift */ = {isa = PBXFileReference; lastKnownFileType = sourcecode.swift; path = URL.swift; sourceTree = "<group>"; };
		D879E3442AD27C7B00A021E0 /* SidebarItem.swift */ = {isa = PBXFileReference; lastKnownFileType = sourcecode.swift; path = SidebarItem.swift; sourceTree = "<group>"; };
		D88CD7682DA5AC7700287F6A /* sparkle-license */ = {isa = PBXFileReference; lastKnownFileType = text; path = "sparkle-license"; sourceTree = "<group>"; };
		D88F05902DA5F225009EAB64 /* CheckForUpdatesViewModel.swift */ = {isa = PBXFileReference; lastKnownFileType = sourcecode.swift; path = CheckForUpdatesViewModel.swift; sourceTree = "<group>"; };
		D88F05932DA5F2C8009EAB64 /* CheckForUpdatesView.swift */ = {isa = PBXFileReference; lastKnownFileType = sourcecode.swift; path = CheckForUpdatesView.swift; sourceTree = "<group>"; };
		D89622DA2ACD394A006F7D2E /* ApplicationModel.swift */ = {isa = PBXFileReference; lastKnownFileType = sourcecode.swift; path = ApplicationModel.swift; sourceTree = "<group>"; };
		D89622DD2ACD3B82006F7D2E /* Settings.swift */ = {isa = PBXFileReference; lastKnownFileType = sourcecode.swift; path = Settings.swift; sourceTree = "<group>"; };
		D89622DF2ACD3B9A006F7D2E /* FoldersError.swift */ = {isa = PBXFileReference; lastKnownFileType = sourcecode.swift; path = FoldersError.swift; sourceTree = "<group>"; };
		D89622E12ACD4200006F7D2E /* Sidebar.swift */ = {isa = PBXFileReference; lastKnownFileType = sourcecode.swift; path = Sidebar.swift; sourceTree = "<group>"; };
		D89622E32ACD4266006F7D2E /* LibraryView.swift */ = {isa = PBXFileReference; lastKnownFileType = sourcecode.swift; path = LibraryView.swift; sourceTree = "<group>"; };
		D89622E52ACD42F2006F7D2E /* SceneModel.swift */ = {isa = PBXFileReference; lastKnownFileType = sourcecode.swift; path = SceneModel.swift; sourceTree = "<group>"; };
		D8A82E3A2BADF35400DD32DA /* SequenceDirection.swift */ = {isa = PBXFileReference; lastKnownFileType = sourcecode.swift; path = SequenceDirection.swift; sourceTree = "<group>"; };
		D8A82E3C2BADF38000DD32DA /* IndexPathSequence.swift */ = {isa = PBXFileReference; lastKnownFileType = sourcecode.swift; path = IndexPathSequence.swift; sourceTree = "<group>"; };
		D8D499C22B897B8E00946CE9 /* swift-numerics-license */ = {isa = PBXFileReference; fileEncoding = 4; lastKnownFileType = text; path = "swift-numerics-license"; sourceTree = "<group>"; };
		D8D499C42B897C9200946CE9 /* swift-collections-license */ = {isa = PBXFileReference; fileEncoding = 4; lastKnownFileType = text; path = "swift-collections-license"; sourceTree = "<group>"; };
		D8D499C62B897D7E00946CE9 /* swift-algorithms-license */ = {isa = PBXFileReference; fileEncoding = 4; lastKnownFileType = text; path = "swift-algorithms-license"; sourceTree = "<group>"; };
		D8D499C82B897E9E00946CE9 /* sqlite-swift-license */ = {isa = PBXFileReference; fileEncoding = 4; lastKnownFileType = text; path = "sqlite-swift-license"; sourceTree = "<group>"; };
		D8D499CA2B897F4200946CE9 /* fs-events-wrapper-license */ = {isa = PBXFileReference; lastKnownFileType = text; path = "fs-events-wrapper-license"; sourceTree = "<group>"; };
		D8D6B6BF2DAEFC010002A6FC /* FolderLinks.swift */ = {isa = PBXFileReference; lastKnownFileType = sourcecode.swift; path = FolderLinks.swift; sourceTree = "<group>"; };
		D8D6B6C12DAEFC310002A6FC /* SelectionToolbar.swift */ = {isa = PBXFileReference; lastKnownFileType = sourcecode.swift; path = SelectionToolbar.swift; sourceTree = "<group>"; };
		D8D6B6C52DAEFCCE0002A6FC /* SceneToolbar.swift */ = {isa = PBXFileReference; lastKnownFileType = sourcecode.swift; path = SceneToolbar.swift; sourceTree = "<group>"; };
		D8DDBCC32B2A0F8E003EAF4E /* PreviewItem.swift */ = {isa = PBXFileReference; lastKnownFileType = sourcecode.swift; path = PreviewItem.swift; sourceTree = "<group>"; };
		D8DDBCC52B2A1317003EAF4E /* FileManager.swift */ = {isa = PBXFileReference; lastKnownFileType = sourcecode.swift; path = FileManager.swift; sourceTree = "<group>"; };
		D8DDBCC72B2A1582003EAF4E /* DirectoryScanner.swift */ = {isa = PBXFileReference; lastKnownFileType = sourcecode.swift; path = DirectoryScanner.swift; sourceTree = "<group>"; };
		D8ED594E2B687FE800010FB3 /* Info.plist */ = {isa = PBXFileReference; lastKnownFileType = text.plist; path = Info.plist; sourceTree = "<group>"; };
		D8F349B42B8150690037D66A /* UTType.swift */ = {isa = PBXFileReference; lastKnownFileType = sourcecode.swift; path = UTType.swift; sourceTree = "<group>"; };
		D8F6A60A2B8D41F90003B1A6 /* yams-license */ = {isa = PBXFileReference; lastKnownFileType = text; path = "yams-license"; sourceTree = "<group>"; };
		D8F6A60C2B8D46720003B1A6 /* FolderSettings.swift */ = {isa = PBXFileReference; lastKnownFileType = sourcecode.swift; path = FolderSettings.swift; sourceTree = "<group>"; };
		D8F6A60E2B8D52200003B1A6 /* Date.swift */ = {isa = PBXFileReference; lastKnownFileType = sourcecode.swift; path = Date.swift; sourceTree = "<group>"; };
		D8F6A6102B8D64BA0003B1A6 /* StorePublisher.swift */ = {isa = PBXFileReference; lastKnownFileType = sourcecode.swift; path = StorePublisher.swift; sourceTree = "<group>"; };
		D8F6A6122B8D7CC00003B1A6 /* StoreOperation.swift */ = {isa = PBXFileReference; lastKnownFileType = sourcecode.swift; path = StoreOperation.swift; sourceTree = "<group>"; };
		D8F6A6142B8D84840003B1A6 /* StoreUpdater.swift */ = {isa = PBXFileReference; lastKnownFileType = sourcecode.swift; path = StoreUpdater.swift; sourceTree = "<group>"; };
		D8FE1FDD2B8E7D7A006FE439 /* DirectoryScannerTests.swift */ = {isa = PBXFileReference; lastKnownFileType = sourcecode.swift; path = DirectoryScannerTests.swift; sourceTree = "<group>"; };
		D8FE1FE02B8E7D98006FE439 /* XCTestCase.swift */ = {isa = PBXFileReference; lastKnownFileType = sourcecode.swift; path = XCTestCase.swift; sourceTree = "<group>"; };
		D8FE1FE22B8EAE2D006FE439 /* FileManager.swift */ = {isa = PBXFileReference; lastKnownFileType = sourcecode.swift; path = FileManager.swift; sourceTree = "<group>"; };
/* End PBXFileReference section */

/* Begin PBXFrameworksBuildPhase section */
		D87653AD2AC9F01600E8B65D /* Frameworks */ = {
			isa = PBXFrameworksBuildPhase;
			buildActionMask = 2147483647;
			files = (
				D870ECA12B7ED5D700704688 /* Algorithms in Frameworks */,
				D88CD7672DA5AC1B00287F6A /* Sparkle in Frameworks */,
				D82B95842B23DC2B00C8B6FB /* FSEventsWrapper in Frameworks */,
				D870ECAA2B7EDE0700704688 /* Interact in Frameworks */,
				D870ECA42B7EDD8A00704688 /* Diligence in Frameworks */,
				D8F6A6092B8D3D7E0003B1A6 /* Yams in Frameworks */,
				D82B957F2B231A7900C8B6FB /* SQLite in Frameworks */,
				D89622D92ACD1ECD006F7D2E /* OrderedCollections in Frameworks */,
			);
			runOnlyForDeploymentPostprocessing = 0;
		};
		D87653BE2AC9F01900E8B65D /* Frameworks */ = {
			isa = PBXFrameworksBuildPhase;
			buildActionMask = 2147483647;
			files = (
			);
			runOnlyForDeploymentPostprocessing = 0;
		};
		D87653C82AC9F01900E8B65D /* Frameworks */ = {
			isa = PBXFrameworksBuildPhase;
			buildActionMask = 2147483647;
			files = (
			);
			runOnlyForDeploymentPostprocessing = 0;
		};
/* End PBXFrameworksBuildPhase section */

/* Begin PBXGroup section */
		D825FFEE2DA61C800050A0FD /* Commands */ = {
			isa = PBXGroup;
			children = (
				D825FFEF2DA61C8F0050A0FD /* HelpCommands.swift */,
			);
			path = Commands;
			sourceTree = "<group>";
		};
		D82B95852B23DC5500C8B6FB /* Utilities */ = {
			isa = PBXGroup;
			children = (
				D85AC0D82BAE217F003CAE8F /* CollectionViewNavigationResult.swift */,
				D8DDBCC72B2A1582003EAF4E /* DirectoryScanner.swift */,
				D83EA9A82DA871A2008DE7AE /* Extractor.swift */,
				D8A82E3C2BADF38000DD32DA /* IndexPathSequence.swift */,
				D83E624C2BADF8960039EC83 /* NavigationDirection.swift */,
				D8A82E3A2BADF35400DD32DA /* SequenceDirection.swift */,
				D8F6A6142B8D84840003B1A6 /* StoreUpdater.swift */,
			);
			path = Utilities;
			sourceTree = "<group>";
		};
		D83EA9AA2DA88C64008DE7AE /* Store */ = {
			isa = PBXGroup;
			children = (
				D85D9F512C9A868D00178F10 /* Expression.swift */,
				D83312E22B76FE4E00B994B3 /* Filter.swift */,
				D814EA002B7EB620008BF46C /* Sort.swift */,
				D82B95802B231AD000C8B6FB /* Store.swift */,
				D8F6A6122B8D7CC00003B1A6 /* StoreOperation.swift */,
				D8F6A6102B8D64BA0003B1A6 /* StorePublisher.swift */,
				D8472A652B2517DE0070DB64 /* StoreFilesView.swift */,
				D83EA9AB2DA89257008DE7AE /* TagsView.swift */,
			);
			path = Store;
			sourceTree = "<group>";
		};
		D870ECA52B7EDDB100704688 /* Licenses */ = {
			isa = PBXGroup;
			children = (
				D88CD7682DA5AC7700287F6A /* sparkle-license */,
				D8D499C82B897E9E00946CE9 /* sqlite-swift-license */,
				D870ECA62B7EDDD100704688 /* folders-license */,
				D8D499C62B897D7E00946CE9 /* swift-algorithms-license */,
				D8D499C42B897C9200946CE9 /* swift-collections-license */,
				D8D499C22B897B8E00946CE9 /* swift-numerics-license */,
				D8D499CA2B897F4200946CE9 /* fs-events-wrapper-license */,
				D8F6A60A2B8D41F90003B1A6 /* yams-license */,
			);
			path = Licenses;
			sourceTree = "<group>";
		};
		D87653A72AC9F01600E8B65D = {
			isa = PBXGroup;
			children = (
				D861A32F2B8EC22900A79214 /* Folders.xctestplan */,
				D87653B22AC9F01600E8B65D /* Folders */,
				D87653C42AC9F01900E8B65D /* FoldersTests */,
				D87653CE2AC9F01900E8B65D /* FoldersUITests */,
				D87653B12AC9F01600E8B65D /* Products */,
			);
			sourceTree = "<group>";
		};
		D87653B12AC9F01600E8B65D /* Products */ = {
			isa = PBXGroup;
			children = (
				D87653B02AC9F01600E8B65D /* Folders.app */,
				D87653C12AC9F01900E8B65D /* FoldersTests.xctest */,
				D87653CB2AC9F01900E8B65D /* FoldersUITests.xctest */,
			);
			name = Products;
			sourceTree = "<group>";
		};
		D87653B22AC9F01600E8B65D /* Folders */ = {
			isa = PBXGroup;
			children = (
				D87653BC2AC9F01800E8B65D /* Folders.entitlements */,
				D8ED594E2B687FE800010FB3 /* Info.plist */,
				D87653B32AC9F01600E8B65D /* FoldersApp.swift */,
				D89622DF2ACD3B9A006F7D2E /* FoldersError.swift */,
				D87653B72AC9F01800E8B65D /* Assets.xcassets */,
				D825FFEE2DA61C800050A0FD /* Commands */,
				D87653E02AC9F38700E8B65D /* Extensions */,
				D870ECA52B7EDDB100704688 /* Licenses */,
				D89622DC2ACD3952006F7D2E /* Models */,
				D87653B92AC9F01800E8B65D /* Preview Content */,
				D83EA9AA2DA88C64008DE7AE /* Store */,
				D8D6B6C42DAEFC950002A6FC /* Toolbars */,
				D82B95852B23DC5500C8B6FB /* Utilities */,
				D87653E72AC9F5FB00E8B65D /* Views */,
			);
			path = Folders;
			sourceTree = "<group>";
		};
		D87653B92AC9F01800E8B65D /* Preview Content */ = {
			isa = PBXGroup;
			children = (
				D87653BA2AC9F01800E8B65D /* Preview Assets.xcassets */,
			);
			path = "Preview Content";
			sourceTree = "<group>";
		};
		D87653C42AC9F01900E8B65D /* FoldersTests */ = {
			isa = PBXGroup;
			children = (
				D8FE1FDD2B8E7D7A006FE439 /* DirectoryScannerTests.swift */,
				D83EA9A62DA867A4008DE7AE /* ExtractorTests.swift */,
				D87653C52AC9F01900E8B65D /* FoldersTests.swift */,
				D8FE1FDF2B8E7D8E006FE439 /* Extensions */,
			);
			path = FoldersTests;
			sourceTree = "<group>";
		};
		D87653CE2AC9F01900E8B65D /* FoldersUITests */ = {
			isa = PBXGroup;
			children = (
				D87653CF2AC9F01900E8B65D /* FoldersUITests.swift */,
				D87653D12AC9F01900E8B65D /* FoldersUITestsLaunchTests.swift */,
			);
			path = FoldersUITests;
			sourceTree = "<group>";
		};
		D87653E02AC9F38700E8B65D /* Extensions */ = {
			isa = PBXGroup;
			children = (
				D8F6A60E2B8D52200003B1A6 /* Date.swift */,
				D8DDBCC52B2A1317003EAF4E /* FileManager.swift */,
				D8472A6B2B2518900070DB64 /* NSCollectionViewDiffableDataSource.swift */,
				D8472A692B2518600070DB64 /* NSWorkspace.swift */,
				D87653E12AC9F39100E8B65D /* URL.swift */,
				D8F349B42B8150690037D66A /* UTType.swift */,
				D85AC0D62BAE2005003CAE8F /* NSCollectionView.swift */,
			);
			path = Extensions;
			sourceTree = "<group>";
		};
		D87653E72AC9F5FB00E8B65D /* Views */ = {
			isa = PBXGroup;
			children = (
				D88F05932DA5F2C8009EAB64 /* CheckForUpdatesView.swift */,
				D8472A672B2518320070DB64 /* FixedItemSizeCollectionViewLayout.swift */,
				D8D6B6BF2DAEFC010002A6FC /* FolderLinks.swift */,
				D85C07B02B7EBC3A00C8BAA6 /* FolderView.swift */,
				D82B957B2B23112C00C8B6FB /* GridView.swift */,
				D8472A6D2B2518D00070DB64 /* InteractiveCollectionView.swift */,
				D89622E32ACD4266006F7D2E /* LibraryView.swift */,
				D8472A632B2517A50070DB64 /* ShortcutItemView.swift */,
				D89622E12ACD4200006F7D2E /* Sidebar.swift */,
			);
			path = Views;
			sourceTree = "<group>";
		};
		D89622DC2ACD3952006F7D2E /* Models */ = {
			isa = PBXGroup;
			children = (
				D89622DA2ACD394A006F7D2E /* ApplicationModel.swift */,
				D88F05902DA5F225009EAB64 /* CheckForUpdatesViewModel.swift */,
				D83312E82B77132B00B994B3 /* Details.swift */,
				D870EC9D2B7EC47B00704688 /* SelectionModel.swift */,
				D8F6A60C2B8D46720003B1A6 /* FolderSettings.swift */,
				D8DDBCC32B2A0F8E003EAF4E /* PreviewItem.swift */,
				D89622E52ACD42F2006F7D2E /* SceneModel.swift */,
				D89622DD2ACD3B82006F7D2E /* Settings.swift */,
				D879E3442AD27C7B00A021E0 /* SidebarItem.swift */,
			);
			path = Models;
			sourceTree = "<group>";
		};
		D8D6B6C42DAEFC950002A6FC /* Toolbars */ = {
			isa = PBXGroup;
			children = (
				D8D6B6C52DAEFCCE0002A6FC /* SceneToolbar.swift */,
				D8D6B6C12DAEFC310002A6FC /* SelectionToolbar.swift */,
			);
			path = Toolbars;
			sourceTree = "<group>";
		};
		D8FE1FDF2B8E7D8E006FE439 /* Extensions */ = {
			isa = PBXGroup;
			children = (
				D8FE1FE22B8EAE2D006FE439 /* FileManager.swift */,
				D8FE1FE02B8E7D98006FE439 /* XCTestCase.swift */,
			);
			path = Extensions;
			sourceTree = "<group>";
		};
/* End PBXGroup section */

/* Begin PBXNativeTarget section */
		D87653AF2AC9F01600E8B65D /* Folders */ = {
			isa = PBXNativeTarget;
			buildConfigurationList = D87653D52AC9F01900E8B65D /* Build configuration list for PBXNativeTarget "Folders" */;
			buildPhases = (
				D87653AC2AC9F01600E8B65D /* Sources */,
				D87653AD2AC9F01600E8B65D /* Frameworks */,
				D87653AE2AC9F01600E8B65D /* Resources */,
			);
			buildRules = (
			);
			dependencies = (
			);
			name = Folders;
			packageProductDependencies = (
				D89622D82ACD1ECD006F7D2E /* OrderedCollections */,
				D82B957E2B231A7900C8B6FB /* SQLite */,
				D82B95832B23DC2B00C8B6FB /* FSEventsWrapper */,
				D870ECA02B7ED5D700704688 /* Algorithms */,
				D870ECA32B7EDD8A00704688 /* Diligence */,
				D870ECA92B7EDE0700704688 /* Interact */,
				D8F6A6082B8D3D7E0003B1A6 /* Yams */,
				D88CD7662DA5AC1B00287F6A /* Sparkle */,
			);
			productName = Folders;
			productReference = D87653B02AC9F01600E8B65D /* Folders.app */;
			productType = "com.apple.product-type.application";
		};
		D87653C02AC9F01900E8B65D /* FoldersTests */ = {
			isa = PBXNativeTarget;
			buildConfigurationList = D87653D82AC9F01900E8B65D /* Build configuration list for PBXNativeTarget "FoldersTests" */;
			buildPhases = (
				D87653BD2AC9F01900E8B65D /* Sources */,
				D87653BE2AC9F01900E8B65D /* Frameworks */,
				D87653BF2AC9F01900E8B65D /* Resources */,
			);
			buildRules = (
			);
			dependencies = (
				D87653C32AC9F01900E8B65D /* PBXTargetDependency */,
			);
			name = FoldersTests;
			productName = FoldersTests;
			productReference = D87653C12AC9F01900E8B65D /* FoldersTests.xctest */;
			productType = "com.apple.product-type.bundle.unit-test";
		};
		D87653CA2AC9F01900E8B65D /* FoldersUITests */ = {
			isa = PBXNativeTarget;
			buildConfigurationList = D87653DB2AC9F01900E8B65D /* Build configuration list for PBXNativeTarget "FoldersUITests" */;
			buildPhases = (
				D87653C72AC9F01900E8B65D /* Sources */,
				D87653C82AC9F01900E8B65D /* Frameworks */,
				D87653C92AC9F01900E8B65D /* Resources */,
			);
			buildRules = (
			);
			dependencies = (
				D87653CD2AC9F01900E8B65D /* PBXTargetDependency */,
			);
			name = FoldersUITests;
			productName = FoldersUITests;
			productReference = D87653CB2AC9F01900E8B65D /* FoldersUITests.xctest */;
			productType = "com.apple.product-type.bundle.ui-testing";
		};
/* End PBXNativeTarget section */

/* Begin PBXProject section */
		D87653A82AC9F01600E8B65D /* Project object */ = {
			isa = PBXProject;
			attributes = {
				BuildIndependentTargetsInParallel = 1;
				LastSwiftUpdateCheck = 1500;
				LastUpgradeCheck = 1630;
				TargetAttributes = {
					D87653AF2AC9F01600E8B65D = {
						CreatedOnToolsVersion = 15.0;
					};
					D87653C02AC9F01900E8B65D = {
						CreatedOnToolsVersion = 15.0;
						TestTargetID = D87653AF2AC9F01600E8B65D;
					};
					D87653CA2AC9F01900E8B65D = {
						CreatedOnToolsVersion = 15.0;
						TestTargetID = D87653AF2AC9F01600E8B65D;
					};
				};
			};
			buildConfigurationList = D87653AB2AC9F01600E8B65D /* Build configuration list for PBXProject "Folders" */;
			compatibilityVersion = "Xcode 14.0";
			developmentRegion = en;
			hasScannedForEncodings = 0;
			knownRegions = (
				en,
				Base,
			);
			mainGroup = D87653A72AC9F01600E8B65D;
			packageReferences = (
				D89622D72ACD1ECD006F7D2E /* XCRemoteSwiftPackageReference "swift-collections" */,
				D82B957D2B231A7900C8B6FB /* XCRemoteSwiftPackageReference "SQLite.swift" */,
				D82B95822B23DC2B00C8B6FB /* XCRemoteSwiftPackageReference "FSEventsWrapper" */,
				D870EC9F2B7ED5D700704688 /* XCRemoteSwiftPackageReference "swift-algorithms" */,
				D870ECA22B7EDD8A00704688 /* XCLocalSwiftPackageReference "diligence" */,
				D870ECA82B7EDE0700704688 /* XCLocalSwiftPackageReference "interact" */,
				D8F6A6072B8D3D7E0003B1A6 /* XCRemoteSwiftPackageReference "Yams" */,
				D88CD7652DA5AC1B00287F6A /* XCRemoteSwiftPackageReference "Sparkle" */,
			);
			productRefGroup = D87653B12AC9F01600E8B65D /* Products */;
			projectDirPath = "";
			projectRoot = "";
			targets = (
				D87653AF2AC9F01600E8B65D /* Folders */,
				D87653C02AC9F01900E8B65D /* FoldersTests */,
				D87653CA2AC9F01900E8B65D /* FoldersUITests */,
			);
		};
/* End PBXProject section */

/* Begin PBXResourcesBuildPhase section */
		D87653AE2AC9F01600E8B65D /* Resources */ = {
			isa = PBXResourcesBuildPhase;
			buildActionMask = 2147483647;
			files = (
				D8D499C72B897D7E00946CE9 /* swift-algorithms-license in Resources */,
				D8D499C32B897B8E00946CE9 /* swift-numerics-license in Resources */,
				D8D499CB2B897F4200946CE9 /* fs-events-wrapper-license in Resources */,
				D88CD7692DA5AC7A00287F6A /* sparkle-license in Resources */,
				D8D499C52B897C9200946CE9 /* swift-collections-license in Resources */,
				D8D499C92B897E9E00946CE9 /* sqlite-swift-license in Resources */,
				D8F6A60B2B8D41F90003B1A6 /* yams-license in Resources */,
				D87653BB2AC9F01800E8B65D /* Preview Assets.xcassets in Resources */,
				D870ECA72B7EDDD100704688 /* folders-license in Resources */,
				D87653B82AC9F01800E8B65D /* Assets.xcassets in Resources */,
			);
			runOnlyForDeploymentPostprocessing = 0;
		};
		D87653BF2AC9F01900E8B65D /* Resources */ = {
			isa = PBXResourcesBuildPhase;
			buildActionMask = 2147483647;
			files = (
			);
			runOnlyForDeploymentPostprocessing = 0;
		};
		D87653C92AC9F01900E8B65D /* Resources */ = {
			isa = PBXResourcesBuildPhase;
			buildActionMask = 2147483647;
			files = (
			);
			runOnlyForDeploymentPostprocessing = 0;
		};
/* End PBXResourcesBuildPhase section */

/* Begin PBXSourcesBuildPhase section */
		D87653AC2AC9F01600E8B65D /* Sources */ = {
			isa = PBXSourcesBuildPhase;
			buildActionMask = 2147483647;
			files = (
				D89622E62ACD42F2006F7D2E /* SceneModel.swift in Sources */,
				D85D9F522C9A868F00178F10 /* Expression.swift in Sources */,
				D8472A6C2B2518900070DB64 /* NSCollectionViewDiffableDataSource.swift in Sources */,
				D8D6B6C22DAEFC330002A6FC /* SelectionToolbar.swift in Sources */,
				D8F6A6152B8D84840003B1A6 /* StoreUpdater.swift in Sources */,
				D89622E42ACD4266006F7D2E /* LibraryView.swift in Sources */,
				D8DDBCC42B2A0F8E003EAF4E /* PreviewItem.swift in Sources */,
				D8F6A60F2B8D52200003B1A6 /* Date.swift in Sources */,
				D8F6A6132B8D7CC00003B1A6 /* StoreOperation.swift in Sources */,
				D85C07B12B7EBC3A00C8BAA6 /* FolderView.swift in Sources */,
				D8D6B6C62DAEFCD10002A6FC /* SceneToolbar.swift in Sources */,
				D814EA012B7EB620008BF46C /* Sort.swift in Sources */,
				D8DDBCC82B2A1582003EAF4E /* DirectoryScanner.swift in Sources */,
				D83EA9A92DA871A4008DE7AE /* Extractor.swift in Sources */,
				D85AC0D72BAE2005003CAE8F /* NSCollectionView.swift in Sources */,
				D87653B42AC9F01600E8B65D /* FoldersApp.swift in Sources */,
				D8F349B52B8150690037D66A /* UTType.swift in Sources */,
				D8A82E3B2BADF35400DD32DA /* SequenceDirection.swift in Sources */,
				D83E624D2BADF8960039EC83 /* NavigationDirection.swift in Sources */,
				D8D6B6C02DAEFC020002A6FC /* FolderLinks.swift in Sources */,
				D89622DE2ACD3B82006F7D2E /* Settings.swift in Sources */,
				D8DDBCC62B2A1317003EAF4E /* FileManager.swift in Sources */,
				D89622DB2ACD394A006F7D2E /* ApplicationModel.swift in Sources */,
				D89622E22ACD4200006F7D2E /* Sidebar.swift in Sources */,
				D870EC9E2B7EC47B00704688 /* SelectionModel.swift in Sources */,
				D8472A682B2518320070DB64 /* FixedItemSizeCollectionViewLayout.swift in Sources */,
				D83EA9AC2DA8925B008DE7AE /* TagsView.swift in Sources */,
				D8F6A6112B8D64BA0003B1A6 /* StorePublisher.swift in Sources */,
				D8F6A60D2B8D46720003B1A6 /* FolderSettings.swift in Sources */,
				D8A82E3D2BADF38000DD32DA /* IndexPathSequence.swift in Sources */,
				D8472A6E2B2518D00070DB64 /* InteractiveCollectionView.swift in Sources */,
				D83312E92B77132B00B994B3 /* Details.swift in Sources */,
				D83312E32B76FE4E00B994B3 /* Filter.swift in Sources */,
				D88F05912DA5F229009EAB64 /* CheckForUpdatesViewModel.swift in Sources */,
				D88F05942DA5F2CC009EAB64 /* CheckForUpdatesView.swift in Sources */,
				D879E3452AD27C7B00A021E0 /* SidebarItem.swift in Sources */,
				D85AC0D92BAE217F003CAE8F /* CollectionViewNavigationResult.swift in Sources */,
				D825FFF02DA61C910050A0FD /* HelpCommands.swift in Sources */,
				D8472A662B2517DE0070DB64 /* StoreFilesView.swift in Sources */,
				D82B95812B231AD000C8B6FB /* Store.swift in Sources */,
				D89622E02ACD3B9A006F7D2E /* FoldersError.swift in Sources */,
				D82B957C2B23112C00C8B6FB /* GridView.swift in Sources */,
				D8472A6A2B2518600070DB64 /* NSWorkspace.swift in Sources */,
				D87653E22AC9F39100E8B65D /* URL.swift in Sources */,
				D8472A642B2517A50070DB64 /* ShortcutItemView.swift in Sources */,
			);
			runOnlyForDeploymentPostprocessing = 0;
		};
		D87653BD2AC9F01900E8B65D /* Sources */ = {
			isa = PBXSourcesBuildPhase;
			buildActionMask = 2147483647;
			files = (
				D8FE1FDE2B8E7D7A006FE439 /* DirectoryScannerTests.swift in Sources */,
				D87653C62AC9F01900E8B65D /* FoldersTests.swift in Sources */,
				D8FE1FE12B8E7D98006FE439 /* XCTestCase.swift in Sources */,
				D8FE1FE32B8EAE2D006FE439 /* FileManager.swift in Sources */,
				D83EA9A72DA867A7008DE7AE /* ExtractorTests.swift in Sources */,
			);
			runOnlyForDeploymentPostprocessing = 0;
		};
		D87653C72AC9F01900E8B65D /* Sources */ = {
			isa = PBXSourcesBuildPhase;
			buildActionMask = 2147483647;
			files = (
				D87653D22AC9F01900E8B65D /* FoldersUITestsLaunchTests.swift in Sources */,
				D87653D02AC9F01900E8B65D /* FoldersUITests.swift in Sources */,
			);
			runOnlyForDeploymentPostprocessing = 0;
		};
/* End PBXSourcesBuildPhase section */

/* Begin PBXTargetDependency section */
		D87653C32AC9F01900E8B65D /* PBXTargetDependency */ = {
			isa = PBXTargetDependency;
			target = D87653AF2AC9F01600E8B65D /* Folders */;
			targetProxy = D87653C22AC9F01900E8B65D /* PBXContainerItemProxy */;
		};
		D87653CD2AC9F01900E8B65D /* PBXTargetDependency */ = {
			isa = PBXTargetDependency;
			target = D87653AF2AC9F01600E8B65D /* Folders */;
			targetProxy = D87653CC2AC9F01900E8B65D /* PBXContainerItemProxy */;
		};
/* End PBXTargetDependency section */

/* Begin XCBuildConfiguration section */
		D87653D32AC9F01900E8B65D /* Debug */ = {
			isa = XCBuildConfiguration;
			buildSettings = {
				ALWAYS_SEARCH_USER_PATHS = NO;
				ASSETCATALOG_COMPILER_GENERATE_SWIFT_ASSET_SYMBOL_EXTENSIONS = YES;
				CLANG_ANALYZER_NONNULL = YES;
				CLANG_ANALYZER_NUMBER_OBJECT_CONVERSION = YES_AGGRESSIVE;
				CLANG_CXX_LANGUAGE_STANDARD = "gnu++20";
				CLANG_ENABLE_MODULES = YES;
				CLANG_ENABLE_OBJC_ARC = YES;
				CLANG_ENABLE_OBJC_WEAK = YES;
				CLANG_WARN_BLOCK_CAPTURE_AUTORELEASING = YES;
				CLANG_WARN_BOOL_CONVERSION = YES;
				CLANG_WARN_COMMA = YES;
				CLANG_WARN_CONSTANT_CONVERSION = YES;
				CLANG_WARN_DEPRECATED_OBJC_IMPLEMENTATIONS = YES;
				CLANG_WARN_DIRECT_OBJC_ISA_USAGE = YES_ERROR;
				CLANG_WARN_DOCUMENTATION_COMMENTS = YES;
				CLANG_WARN_EMPTY_BODY = YES;
				CLANG_WARN_ENUM_CONVERSION = YES;
				CLANG_WARN_INFINITE_RECURSION = YES;
				CLANG_WARN_INT_CONVERSION = YES;
				CLANG_WARN_NON_LITERAL_NULL_CONVERSION = YES;
				CLANG_WARN_OBJC_IMPLICIT_RETAIN_SELF = YES;
				CLANG_WARN_OBJC_LITERAL_CONVERSION = YES;
				CLANG_WARN_OBJC_ROOT_CLASS = YES_ERROR;
				CLANG_WARN_QUOTED_INCLUDE_IN_FRAMEWORK_HEADER = YES;
				CLANG_WARN_RANGE_LOOP_ANALYSIS = YES;
				CLANG_WARN_STRICT_PROTOTYPES = YES;
				CLANG_WARN_SUSPICIOUS_MOVE = YES;
				CLANG_WARN_UNGUARDED_AVAILABILITY = YES_AGGRESSIVE;
				CLANG_WARN_UNREACHABLE_CODE = YES;
				CLANG_WARN__DUPLICATE_METHOD_MATCH = YES;
				COPY_PHASE_STRIP = NO;
				DEAD_CODE_STRIPPING = YES;
				DEBUG_INFORMATION_FORMAT = dwarf;
				ENABLE_STRICT_OBJC_MSGSEND = YES;
				ENABLE_TESTABILITY = YES;
				ENABLE_USER_SCRIPT_SANDBOXING = YES;
				GCC_C_LANGUAGE_STANDARD = gnu17;
				GCC_DYNAMIC_NO_PIC = NO;
				GCC_NO_COMMON_BLOCKS = YES;
				GCC_OPTIMIZATION_LEVEL = 0;
				GCC_PREPROCESSOR_DEFINITIONS = (
					"DEBUG=1",
					"$(inherited)",
				);
				GCC_WARN_64_TO_32_BIT_CONVERSION = YES;
				GCC_WARN_ABOUT_RETURN_TYPE = YES_ERROR;
				GCC_WARN_UNDECLARED_SELECTOR = YES;
				GCC_WARN_UNINITIALIZED_AUTOS = YES_AGGRESSIVE;
				GCC_WARN_UNUSED_FUNCTION = YES;
				GCC_WARN_UNUSED_VARIABLE = YES;
				LOCALIZATION_PREFERS_STRING_CATALOGS = YES;
				MACOSX_DEPLOYMENT_TARGET = 14.0;
				MTL_ENABLE_DEBUG_INFO = INCLUDE_SOURCE;
				MTL_FAST_MATH = YES;
				ONLY_ACTIVE_ARCH = YES;
				SDKROOT = macosx;
				SWIFT_ACTIVE_COMPILATION_CONDITIONS = "DEBUG $(inherited)";
				SWIFT_OPTIMIZATION_LEVEL = "-Onone";
			};
			name = Debug;
		};
		D87653D42AC9F01900E8B65D /* Release */ = {
			isa = XCBuildConfiguration;
			buildSettings = {
				ALWAYS_SEARCH_USER_PATHS = NO;
				ASSETCATALOG_COMPILER_GENERATE_SWIFT_ASSET_SYMBOL_EXTENSIONS = YES;
				CLANG_ANALYZER_NONNULL = YES;
				CLANG_ANALYZER_NUMBER_OBJECT_CONVERSION = YES_AGGRESSIVE;
				CLANG_CXX_LANGUAGE_STANDARD = "gnu++20";
				CLANG_ENABLE_MODULES = YES;
				CLANG_ENABLE_OBJC_ARC = YES;
				CLANG_ENABLE_OBJC_WEAK = YES;
				CLANG_WARN_BLOCK_CAPTURE_AUTORELEASING = YES;
				CLANG_WARN_BOOL_CONVERSION = YES;
				CLANG_WARN_COMMA = YES;
				CLANG_WARN_CONSTANT_CONVERSION = YES;
				CLANG_WARN_DEPRECATED_OBJC_IMPLEMENTATIONS = YES;
				CLANG_WARN_DIRECT_OBJC_ISA_USAGE = YES_ERROR;
				CLANG_WARN_DOCUMENTATION_COMMENTS = YES;
				CLANG_WARN_EMPTY_BODY = YES;
				CLANG_WARN_ENUM_CONVERSION = YES;
				CLANG_WARN_INFINITE_RECURSION = YES;
				CLANG_WARN_INT_CONVERSION = YES;
				CLANG_WARN_NON_LITERAL_NULL_CONVERSION = YES;
				CLANG_WARN_OBJC_IMPLICIT_RETAIN_SELF = YES;
				CLANG_WARN_OBJC_LITERAL_CONVERSION = YES;
				CLANG_WARN_OBJC_ROOT_CLASS = YES_ERROR;
				CLANG_WARN_QUOTED_INCLUDE_IN_FRAMEWORK_HEADER = YES;
				CLANG_WARN_RANGE_LOOP_ANALYSIS = YES;
				CLANG_WARN_STRICT_PROTOTYPES = YES;
				CLANG_WARN_SUSPICIOUS_MOVE = YES;
				CLANG_WARN_UNGUARDED_AVAILABILITY = YES_AGGRESSIVE;
				CLANG_WARN_UNREACHABLE_CODE = YES;
				CLANG_WARN__DUPLICATE_METHOD_MATCH = YES;
				COPY_PHASE_STRIP = NO;
				DEAD_CODE_STRIPPING = YES;
				DEBUG_INFORMATION_FORMAT = "dwarf-with-dsym";
				ENABLE_NS_ASSERTIONS = NO;
				ENABLE_STRICT_OBJC_MSGSEND = YES;
				ENABLE_USER_SCRIPT_SANDBOXING = YES;
				GCC_C_LANGUAGE_STANDARD = gnu17;
				GCC_NO_COMMON_BLOCKS = YES;
				GCC_WARN_64_TO_32_BIT_CONVERSION = YES;
				GCC_WARN_ABOUT_RETURN_TYPE = YES_ERROR;
				GCC_WARN_UNDECLARED_SELECTOR = YES;
				GCC_WARN_UNINITIALIZED_AUTOS = YES_AGGRESSIVE;
				GCC_WARN_UNUSED_FUNCTION = YES;
				GCC_WARN_UNUSED_VARIABLE = YES;
				LOCALIZATION_PREFERS_STRING_CATALOGS = YES;
				MACOSX_DEPLOYMENT_TARGET = 14.0;
				MTL_ENABLE_DEBUG_INFO = NO;
				MTL_FAST_MATH = YES;
				SDKROOT = macosx;
				SWIFT_COMPILATION_MODE = wholemodule;
			};
			name = Release;
		};
		D87653D62AC9F01900E8B65D /* Debug */ = {
			isa = XCBuildConfiguration;
			buildSettings = {
				ASSETCATALOG_COMPILER_APPICON_NAME = AppIcon;
				ASSETCATALOG_COMPILER_GLOBAL_ACCENT_COLOR_NAME = AccentColor;
				CODE_SIGN_ENTITLEMENTS = Folders/Folders.entitlements;
				CODE_SIGN_STYLE = Automatic;
				COMBINE_HIDPI_IMAGES = YES;
				CURRENT_PROJECT_VERSION = 1;
				DEAD_CODE_STRIPPING = YES;
				DEVELOPMENT_ASSET_PATHS = "\"Folders/Preview Content\"";
				DEVELOPMENT_TEAM = QS82QFHKWB;
				ENABLE_HARDENED_RUNTIME = YES;
				ENABLE_PREVIEWS = YES;
				GENERATE_INFOPLIST_FILE = YES;
				INFOPLIST_FILE = Folders/Info.plist;
				INFOPLIST_KEY_LSApplicationCategoryType = "public.app-category.productivity";
				INFOPLIST_KEY_NSHumanReadableCopyright = "";
				LD_RUNPATH_SEARCH_PATHS = (
					"$(inherited)",
					"@executable_path/../Frameworks",
				);
				MARKETING_VERSION = 1.0;
				PRODUCT_BUNDLE_IDENTIFIER = uk.co.jbmorley.folders.apps.appstore;
				PRODUCT_NAME = "$(TARGET_NAME)";
				SWIFT_EMIT_LOC_STRINGS = YES;
				SWIFT_VERSION = 5.0;
			};
			name = Debug;
		};
		D87653D72AC9F01900E8B65D /* Release */ = {
			isa = XCBuildConfiguration;
			buildSettings = {
				ASSETCATALOG_COMPILER_APPICON_NAME = AppIcon;
				ASSETCATALOG_COMPILER_GLOBAL_ACCENT_COLOR_NAME = AccentColor;
				CODE_SIGN_ENTITLEMENTS = Folders/Folders.entitlements;
				"CODE_SIGN_IDENTITY[sdk=macosx*]" = "Developer ID Application";
				CODE_SIGN_STYLE = Manual;
				COMBINE_HIDPI_IMAGES = YES;
				CURRENT_PROJECT_VERSION = 1;
				DEAD_CODE_STRIPPING = YES;
				DEVELOPMENT_ASSET_PATHS = "\"Folders/Preview Content\"";
				DEVELOPMENT_TEAM = "";
				"DEVELOPMENT_TEAM[sdk=macosx*]" = QS82QFHKWB;
				ENABLE_HARDENED_RUNTIME = YES;
				ENABLE_PREVIEWS = YES;
				GENERATE_INFOPLIST_FILE = YES;
				INFOPLIST_FILE = Folders/Info.plist;
				INFOPLIST_KEY_LSApplicationCategoryType = "public.app-category.productivity";
				INFOPLIST_KEY_NSHumanReadableCopyright = "";
				LD_RUNPATH_SEARCH_PATHS = (
					"$(inherited)",
					"@executable_path/../Frameworks",
				);
				MARKETING_VERSION = 1.0;
				PRODUCT_BUNDLE_IDENTIFIER = uk.co.jbmorley.folders.apps.appstore;
				PRODUCT_NAME = "$(TARGET_NAME)";
				PROVISIONING_PROFILE_SPECIFIER = "";
				"PROVISIONING_PROFILE_SPECIFIER[sdk=macosx*]" = "Folders Developer ID Profile";
				SWIFT_EMIT_LOC_STRINGS = YES;
				SWIFT_VERSION = 5.0;
			};
			name = Release;
		};
		D87653D92AC9F01900E8B65D /* Debug */ = {
			isa = XCBuildConfiguration;
			buildSettings = {
				BUNDLE_LOADER = "$(TEST_HOST)";
				CODE_SIGN_STYLE = Automatic;
				CURRENT_PROJECT_VERSION = 1;
				DEAD_CODE_STRIPPING = YES;
				DEVELOPMENT_TEAM = QS82QFHKWB;
				GENERATE_INFOPLIST_FILE = YES;
				MARKETING_VERSION = 1.0;
				PRODUCT_BUNDLE_IDENTIFIER = uk.co.jbmorley.folders.apps.appstore.tests;
				PRODUCT_NAME = "$(TARGET_NAME)";
				SWIFT_EMIT_LOC_STRINGS = NO;
				SWIFT_VERSION = 5.0;
				TEST_HOST = "$(BUILT_PRODUCTS_DIR)/Folders.app/$(BUNDLE_EXECUTABLE_FOLDER_PATH)/Folders";
			};
			name = Debug;
		};
		D87653DA2AC9F01900E8B65D /* Release */ = {
			isa = XCBuildConfiguration;
			buildSettings = {
				BUNDLE_LOADER = "$(TEST_HOST)";
				CODE_SIGN_STYLE = Automatic;
				CURRENT_PROJECT_VERSION = 1;
				DEAD_CODE_STRIPPING = YES;
				DEVELOPMENT_TEAM = S4WXAUZQEV;
				GENERATE_INFOPLIST_FILE = YES;
				MARKETING_VERSION = 1.0;
				PRODUCT_BUNDLE_IDENTIFIER = uk.co.jbmorley.folders.apps.appstore.tests;
				PRODUCT_NAME = "$(TARGET_NAME)";
				SWIFT_EMIT_LOC_STRINGS = NO;
				SWIFT_VERSION = 5.0;
				TEST_HOST = "$(BUILT_PRODUCTS_DIR)/Folders.app/$(BUNDLE_EXECUTABLE_FOLDER_PATH)/Folders";
			};
			name = Release;
		};
		D87653DC2AC9F01900E8B65D /* Debug */ = {
			isa = XCBuildConfiguration;
			buildSettings = {
				CODE_SIGN_STYLE = Automatic;
				CURRENT_PROJECT_VERSION = 1;
				DEAD_CODE_STRIPPING = YES;
				DEVELOPMENT_TEAM = QS82QFHKWB;
				GENERATE_INFOPLIST_FILE = YES;
				MARKETING_VERSION = 1.0;
				PRODUCT_BUNDLE_IDENTIFIER = uk.co.jbmorley.folders.apps.appstore.uitests;
				PRODUCT_NAME = "$(TARGET_NAME)";
				SWIFT_EMIT_LOC_STRINGS = NO;
				SWIFT_VERSION = 5.0;
				TEST_TARGET_NAME = Folders;
			};
			name = Debug;
		};
		D87653DD2AC9F01900E8B65D /* Release */ = {
			isa = XCBuildConfiguration;
			buildSettings = {
				CODE_SIGN_STYLE = Automatic;
				CURRENT_PROJECT_VERSION = 1;
				DEAD_CODE_STRIPPING = YES;
				DEVELOPMENT_TEAM = S4WXAUZQEV;
				GENERATE_INFOPLIST_FILE = YES;
				MARKETING_VERSION = 1.0;
				PRODUCT_BUNDLE_IDENTIFIER = uk.co.jbmorley.folders.apps.appstore.uitests;
				PRODUCT_NAME = "$(TARGET_NAME)";
				SWIFT_EMIT_LOC_STRINGS = NO;
				SWIFT_VERSION = 5.0;
				TEST_TARGET_NAME = Folders;
			};
			name = Release;
		};
/* End XCBuildConfiguration section */

/* Begin XCConfigurationList section */
		D87653AB2AC9F01600E8B65D /* Build configuration list for PBXProject "Folders" */ = {
			isa = XCConfigurationList;
			buildConfigurations = (
				D87653D32AC9F01900E8B65D /* Debug */,
				D87653D42AC9F01900E8B65D /* Release */,
			);
			defaultConfigurationIsVisible = 0;
			defaultConfigurationName = Release;
		};
		D87653D52AC9F01900E8B65D /* Build configuration list for PBXNativeTarget "Folders" */ = {
			isa = XCConfigurationList;
			buildConfigurations = (
				D87653D62AC9F01900E8B65D /* Debug */,
				D87653D72AC9F01900E8B65D /* Release */,
			);
			defaultConfigurationIsVisible = 0;
			defaultConfigurationName = Release;
		};
		D87653D82AC9F01900E8B65D /* Build configuration list for PBXNativeTarget "FoldersTests" */ = {
			isa = XCConfigurationList;
			buildConfigurations = (
				D87653D92AC9F01900E8B65D /* Debug */,
				D87653DA2AC9F01900E8B65D /* Release */,
			);
			defaultConfigurationIsVisible = 0;
			defaultConfigurationName = Release;
		};
		D87653DB2AC9F01900E8B65D /* Build configuration list for PBXNativeTarget "FoldersUITests" */ = {
			isa = XCConfigurationList;
			buildConfigurations = (
				D87653DC2AC9F01900E8B65D /* Debug */,
				D87653DD2AC9F01900E8B65D /* Release */,
			);
			defaultConfigurationIsVisible = 0;
			defaultConfigurationName = Release;
		};
/* End XCConfigurationList section */

/* Begin XCLocalSwiftPackageReference section */
		D870ECA22B7EDD8A00704688 /* XCLocalSwiftPackageReference "diligence" */ = {
			isa = XCLocalSwiftPackageReference;
			relativePath = diligence;
		};
		D870ECA82B7EDE0700704688 /* XCLocalSwiftPackageReference "interact" */ = {
			isa = XCLocalSwiftPackageReference;
			relativePath = interact;
		};
/* End XCLocalSwiftPackageReference section */

/* Begin XCRemoteSwiftPackageReference section */
		D82B957D2B231A7900C8B6FB /* XCRemoteSwiftPackageReference "SQLite.swift" */ = {
			isa = XCRemoteSwiftPackageReference;
			repositoryURL = "https://github.com/stephencelis/SQLite.swift.git";
			requirement = {
				kind = upToNextMajorVersion;
				minimumVersion = 0.14.1;
			};
		};
		D82B95822B23DC2B00C8B6FB /* XCRemoteSwiftPackageReference "FSEventsWrapper" */ = {
			isa = XCRemoteSwiftPackageReference;
			repositoryURL = "https://github.com/Frizlab/FSEventsWrapper.git";
			requirement = {
				kind = upToNextMajorVersion;
				minimumVersion = 2.1.0;
			};
		};
		D870EC9F2B7ED5D700704688 /* XCRemoteSwiftPackageReference "swift-algorithms" */ = {
			isa = XCRemoteSwiftPackageReference;
			repositoryURL = "https://github.com/apple/swift-algorithms.git";
			requirement = {
				kind = upToNextMajorVersion;
				minimumVersion = 1.2.0;
			};
		};
		D88CD7652DA5AC1B00287F6A /* XCRemoteSwiftPackageReference "Sparkle" */ = {
			isa = XCRemoteSwiftPackageReference;
			repositoryURL = "https://github.com/sparkle-project/Sparkle";
			requirement = {
				kind = upToNextMajorVersion;
				minimumVersion = 2.7.0;
			};
		};
		D89622D72ACD1ECD006F7D2E /* XCRemoteSwiftPackageReference "swift-collections" */ = {
			isa = XCRemoteSwiftPackageReference;
			repositoryURL = "https://github.com/apple/swift-collections/";
			requirement = {
				kind = upToNextMajorVersion;
				minimumVersion = 1.0.5;
			};
		};
		D8F6A6072B8D3D7E0003B1A6 /* XCRemoteSwiftPackageReference "Yams" */ = {
			isa = XCRemoteSwiftPackageReference;
			repositoryURL = "https://github.com/jpsim/Yams.git";
			requirement = {
				kind = upToNextMajorVersion;
				minimumVersion = 5.0.6;
			};
		};
/* End XCRemoteSwiftPackageReference section */

/* Begin XCSwiftPackageProductDependency section */
		D82B957E2B231A7900C8B6FB /* SQLite */ = {
			isa = XCSwiftPackageProductDependency;
			package = D82B957D2B231A7900C8B6FB /* XCRemoteSwiftPackageReference "SQLite.swift" */;
			productName = SQLite;
		};
		D82B95832B23DC2B00C8B6FB /* FSEventsWrapper */ = {
			isa = XCSwiftPackageProductDependency;
			package = D82B95822B23DC2B00C8B6FB /* XCRemoteSwiftPackageReference "FSEventsWrapper" */;
			productName = FSEventsWrapper;
		};
		D870ECA02B7ED5D700704688 /* Algorithms */ = {
			isa = XCSwiftPackageProductDependency;
			package = D870EC9F2B7ED5D700704688 /* XCRemoteSwiftPackageReference "swift-algorithms" */;
			productName = Algorithms;
		};
		D870ECA32B7EDD8A00704688 /* Diligence */ = {
			isa = XCSwiftPackageProductDependency;
			productName = Diligence;
		};
		D870ECA92B7EDE0700704688 /* Interact */ = {
			isa = XCSwiftPackageProductDependency;
			productName = Interact;
		};
		D88CD7662DA5AC1B00287F6A /* Sparkle */ = {
			isa = XCSwiftPackageProductDependency;
			package = D88CD7652DA5AC1B00287F6A /* XCRemoteSwiftPackageReference "Sparkle" */;
			productName = Sparkle;
		};
		D89622D82ACD1ECD006F7D2E /* OrderedCollections */ = {
			isa = XCSwiftPackageProductDependency;
			package = D89622D72ACD1ECD006F7D2E /* XCRemoteSwiftPackageReference "swift-collections" */;
			productName = OrderedCollections;
		};
		D8F6A6082B8D3D7E0003B1A6 /* Yams */ = {
			isa = XCSwiftPackageProductDependency;
			package = D8F6A6072B8D3D7E0003B1A6 /* XCRemoteSwiftPackageReference "Yams" */;
			productName = Yams;
		};
/* End XCSwiftPackageProductDependency section */
	};
	rootObject = D87653A82AC9F01600E8B65D /* Project object */;
}
